schema: '2.0'
stages:
  prepare_dvf:
    cmd: python scripts/prepare_dvf_data.py data/ValeursFoncieres-2025-S1.txt
    deps:
    - path: data/ValeursFoncieres-2025-S1.txt
      hash: md5
      md5: 00bdcd2605b6cd8fed35ec8d60024d71
      size: 184978486
    - path: scripts/prepare_dvf_data.py
      hash: md5
      md5: d33ed2eb4bb4d73133738b93cf8af099
      size: 7355
    outs:
    - path: data/prepared/ValeursFoncieres-2025-S1.csv
      hash: md5
      md5: 1c733bceec5b77e2000b6650c46b945a
      size: 34657643
  prepare_communes:
    cmd: python scripts/prepare_communes_data.py data/communes-france-2025.csv
    deps:
    - path: data/communes-france-2025.csv
      hash: md5
      md5: 16cc53b5f70730eb2973e7e33609e1f3
      size: 17131515
    - path: scripts/prepare_communes_data.py
      hash: md5
      md5: eb3aab43b1f5ac6adaaa079f60ca2a9f
      size: 9468
    outs:
    - path: data/prepared/communes-france-2025.csv
      hash: md5
      md5: 88a36c49accb47a365101b2c6fab7403
      size: 2712337
