schema: '2.0'
stages:
  prepare:
    cmd: "python scripts/clean_dvf.py data/ValeursFoncieres-2025-S1.txt data/communes-france-2025.csv\n"
    deps:
    - path: data/ValeursFoncieres-2025-S1.txt
      hash: md5
      md5: 00bdcd2605b6cd8fed35ec8d60024d71
      size: 184978486
    - path: data/communes-france-2025.csv
      hash: md5
      md5: 16cc53b5f70730eb2973e7e33609e1f3
      size: 17131515
    - path: scripts/clean_dvf.py
      hash: md5
      md5: 73d4454fbaa2f945fdc780cc40ac2648
      size: 9953
    outs:
    - path: data/clean_dvf.csv
      hash: md5
      md5: 913742bd5962d28e3b54391c3a8ed794
      size: 43807783
  train_model:
    cmd: python scripts/model.py
    deps:
    - path: data/clean_dvf.csv
      hash: md5
      md5: 913742bd5962d28e3b54391c3a8ed794
      size: 43807783
    - path: scripts/model.py
      hash: md5
      md5: 1f8ee0318461a4c6a40345f54aacf136
      size: 2825
    outs:
    - path: data/models/xgb_pipeline.pkl
      hash: md5
      md5: d7cfdab94a1a658cd1090d6ee9685328
      size: 1431987
