schema: '2.0'
stages:
  prepare:
    cmd: "python scripts/clean_dvf.py data/ValeursFoncieres-2025-S1.txt data/communes-france-2025.csv\n"
    deps:
    - path: data/ValeursFoncieres-2025-S1.txt
      hash: md5
      md5: 00bdcd2605b6cd8fed35ec8d60024d71
      size: 184978486
    - path: data/communes-france-2025.csv
      hash: md5
      md5: 16cc53b5f70730eb2973e7e33609e1f3
      size: 17131515
    - path: scripts/clean_dvf.py
      hash: md5
      md5: 8a137cc5b7e0adbd434cbaefd06a8995
      size: 9196
    outs:
    - path: data/clean_dvf.csv
      hash: md5
      md5: 25295c9e9cec34fb4204650b8853762a
      size: 46963374
